
Microsoft Visual Studio Solution File, Format Version 12.00
# Visual Studio Version 17
VisualStudioVersion = 17.14.36401.2 d17.14
MinimumVisualStudioVersion = 10.0.40219.1
Project("{FAE04EC0-301F-11D3-BF4B-00C04F79EFBC}") = "garobot", "garobot.csproj", "{7D3AD0E6-6F4A-4706-B59D-1C1DFE531AAF}"
EndProject
Global
	GlobalSection(SolutionConfigurationPlatforms) = preSolution
		Debug|Any CPU = Debug|Any CPU
		Release|Any CPU = Release|Any CPU
	EndGlobalSection
	GlobalSection(ProjectConfigurationPlatforms) = postSolution
		{7D3AD0E6-6F4A-4706-B59D-1C1DFE531AAF}.Debug|Any CPU.ActiveCfg = Debug|Any CPU
		{7D3AD0E6-6F4A-4706-B59D-1C1DFE531AAF}.Debug|Any CPU.Build.0 = Debug|Any CPU
		{7D3AD0E6-6F4A-4706-B59D-1C1DFE531AAF}.Release|Any CPU.ActiveCfg = Release|Any CPU
		{7D3AD0E6-6F4A-4706-B59D-1C1DFE531AAF}.Release|Any CPU.Build.0 = Release|Any CPU
	EndGlobalSection
	GlobalSection(SolutionProperties) = preSolution
		HideSolutionNode = FALSE
	EndGlobalSection
	GlobalSection(ExtensibilityGlobals) = postSolution
		SolutionGuid = {6E60BEBF-8FBE-4508-856E-D7F7016EE442}
	EndGlobalSection
EndGlobal
